// !$*UTF8*$!
{
	archiveVersion = 1;
	classes = {
	};
	objectVersion = 55;
	objects = {

/* Begin PBXBuildFile section */
		1879EB8E288A7ACC009B0603 /* AppDelegate.swift in Sources */ = {isa = PBXBuildFile; fileRef = 1879EB8D288A7ACC009B0603 /* AppDelegate.swift */; };
		1879EB90288A7ACC009B0603 /* SceneDelegate.swift in Sources */ = {isa = PBXBuildFile; fileRef = 1879EB8F288A7ACC009B0603 /* SceneDelegate.swift */; };
		1879EB92288A7ACC009B0603 /* NicknameViewController.swift in Sources */ = {isa = PBXBuildFile; fileRef = 1879EB91288A7ACC009B0603 /* NicknameViewController.swift */; };
		1879EB95288A7ACC009B0603 /* Main.storyboard in Resources */ = {isa = PBXBuildFile; fileRef = 1879EB93288A7ACC009B0603 /* Main.storyboard */; };
		1879EB97288A7ACF009B0603 /* Assets.xcassets in Resources */ = {isa = PBXBuildFile; fileRef = 1879EB96288A7ACF009B0603 /* Assets.xcassets */; };
		1879EB9A288A7ACF009B0603 /* LaunchScreen.storyboard in Resources */ = {isa = PBXBuildFile; fileRef = 1879EB98288A7ACF009B0603 /* LaunchScreen.storyboard */; };
		1879EBA2288A8BF6009B0603 /* Tamagotchi.storyboard in Resources */ = {isa = PBXBuildFile; fileRef = 1879EBA1288A8BF6009B0603 /* Tamagotchi.storyboard */; };
		1879EBA4288A94C6009B0603 /* Choice.storyboard in Resources */ = {isa = PBXBuildFile; fileRef = 1879EBA3288A94C6009B0603 /* Choice.storyboard */; };
		1879EBA6288A950F009B0603 /* ChoiceCollectionViewController.swift in Sources */ = {isa = PBXBuildFile; fileRef = 1879EBA5288A950F009B0603 /* ChoiceCollectionViewController.swift */; };
		1879EBA8288A951F009B0603 /* ChoiceCollectionViewCell.swift in Sources */ = {isa = PBXBuildFile; fileRef = 1879EBA7288A951F009B0603 /* ChoiceCollectionViewCell.swift */; };
		1879EBAA288AA31E009B0603 /* Tamagotchis.swift in Sources */ = {isa = PBXBuildFile; fileRef = 1879EBA9288AA31E009B0603 /* Tamagotchis.swift */; };
		1879EBAC288AA328009B0603 /* TamagotchiInfo.swift in Sources */ = {isa = PBXBuildFile; fileRef = 1879EBAB288AA328009B0603 /* TamagotchiInfo.swift */; };
		1879EBB2288AA37C009B0603 /* Toast in Frameworks */ = {isa = PBXBuildFile; productRef = 1879EBB1288AA37C009B0603 /* Toast */; };
		1879EBB4288AA4AA009B0603 /* Script.swift in Sources */ = {isa = PBXBuildFile; fileRef = 1879EBB3288AA4AA009B0603 /* Script.swift */; };
		188495D0288BE996001901B4 /* SettingTableViewCell.swift in Sources */ = {isa = PBXBuildFile; fileRef = 188495CF288BE996001901B4 /* SettingTableViewCell.swift */; };
		188495D4288CBFE1001901B4 /* NicknameSettingViewController.swift in Sources */ = {isa = PBXBuildFile; fileRef = 188495D3288CBFE1001901B4 /* NicknameSettingViewController.swift */; };
		189D0F32288AB6CB00132858 /* TamagotchiViewController.swift in Sources */ = {isa = PBXBuildFile; fileRef = 189D0F31288AB6CB00132858 /* TamagotchiViewController.swift */; };
		189D0F38288AB8FA00132858 /* TamagotchiDetailViewController.swift in Sources */ = {isa = PBXBuildFile; fileRef = 189D0F37288AB8FA00132858 /* TamagotchiDetailViewController.swift */; };
		189D0F40288B8C6000132858 /* Setting.storyboard in Resources */ = {isa = PBXBuildFile; fileRef = 189D0F3F288B8C6000132858 /* Setting.storyboard */; };
		189D0F42288B8D3B00132858 /* SettingTableViewController.swift in Sources */ = {isa = PBXBuildFile; fileRef = 189D0F41288B8D3B00132858 /* SettingTableViewController.swift */; };
		189D0F48288BD73000132858 /* UIViewController + Extension.swift in Sources */ = {isa = PBXBuildFile; fileRef = 189D0F47288BD73000132858 /* UIViewController + Extension.swift */; };
/* End PBXBuildFile section */

/* Begin PBXFileReference section */
		1879EB8A288A7ACC009B0603 /* Tamagotchi.app */ = {isa = PBXFileReference; explicitFileType = wrapper.application; includeInIndex = 0; path = Tamagotchi.app; sourceTree = BUILT_PRODUCTS_DIR; };
		1879EB8D288A7ACC009B0603 /* AppDelegate.swift */ = {isa = PBXFileReference; lastKnownFileType = sourcecode.swift; path = AppDelegate.swift; sourceTree = "<group>"; };
		1879EB8F288A7ACC009B0603 /* SceneDelegate.swift */ = {isa = PBXFileReference; lastKnownFileType = sourcecode.swift; path = SceneDelegate.swift; sourceTree = "<group>"; };
		1879EB91288A7ACC009B0603 /* NicknameViewController.swift */ = {isa = PBXFileReference; lastKnownFileType = sourcecode.swift; path = NicknameViewController.swift; sourceTree = "<group>"; };
		1879EB94288A7ACC009B0603 /* Base */ = {isa = PBXFileReference; lastKnownFileType = file.storyboard; name = Base; path = Base.lproj/Main.storyboard; sourceTree = "<group>"; };
		1879EB96288A7ACF009B0603 /* Assets.xcassets */ = {isa = PBXFileReference; lastKnownFileType = folder.assetcatalog; path = Assets.xcassets; sourceTree = "<group>"; };
		1879EB99288A7ACF009B0603 /* Base */ = {isa = PBXFileReference; lastKnownFileType = file.storyboard; name = Base; path = Base.lproj/LaunchScreen.storyboard; sourceTree = "<group>"; };
		1879EB9B288A7ACF009B0603 /* Info.plist */ = {isa = PBXFileReference; lastKnownFileType = text.plist.xml; path = Info.plist; sourceTree = "<group>"; };
		1879EBA1288A8BF6009B0603 /* Tamagotchi.storyboard */ = {isa = PBXFileReference; lastKnownFileType = file.storyboard; path = Tamagotchi.storyboard; sourceTree = "<group>"; };
		1879EBA3288A94C6009B0603 /* Choice.storyboard */ = {isa = PBXFileReference; lastKnownFileType = file.storyboard; path = Choice.storyboard; sourceTree = "<group>"; };
		1879EBA5288A950F009B0603 /* ChoiceCollectionViewController.swift */ = {isa = PBXFileReference; lastKnownFileType = sourcecode.swift; path = ChoiceCollectionViewController.swift; sourceTree = "<group>"; };
		1879EBA7288A951F009B0603 /* ChoiceCollectionViewCell.swift */ = {isa = PBXFileReference; lastKnownFileType = sourcecode.swift; path = ChoiceCollectionViewCell.swift; sourceTree = "<group>"; };
		1879EBA9288AA31E009B0603 /* Tamagotchis.swift */ = {isa = PBXFileReference; lastKnownFileType = sourcecode.swift; path = Tamagotchis.swift; sourceTree = "<group>"; };
		1879EBAB288AA328009B0603 /* TamagotchiInfo.swift */ = {isa = PBXFileReference; lastKnownFileType = sourcecode.swift; path = TamagotchiInfo.swift; sourceTree = "<group>"; };
		1879EBB3288AA4AA009B0603 /* Script.swift */ = {isa = PBXFileReference; lastKnownFileType = sourcecode.swift; path = Script.swift; sourceTree = "<group>"; };
		188495CF288BE996001901B4 /* SettingTableViewCell.swift */ = {isa = PBXFileReference; lastKnownFileType = sourcecode.swift; path = SettingTableViewCell.swift; sourceTree = "<group>"; };
		188495D3288CBFE1001901B4 /* NicknameSettingViewController.swift */ = {isa = PBXFileReference; lastKnownFileType = sourcecode.swift; path = NicknameSettingViewController.swift; sourceTree = "<group>"; };
		189D0F31288AB6CB00132858 /* TamagotchiViewController.swift */ = {isa = PBXFileReference; lastKnownFileType = sourcecode.swift; path = TamagotchiViewController.swift; sourceTree = "<group>"; };
		189D0F37288AB8FA00132858 /* TamagotchiDetailViewController.swift */ = {isa = PBXFileReference; lastKnownFileType = sourcecode.swift; path = TamagotchiDetailViewController.swift; sourceTree = "<group>"; };
		189D0F3F288B8C6000132858 /* Setting.storyboard */ = {isa = PBXFileReference; lastKnownFileType = file.storyboard; path = Setting.storyboard; sourceTree = "<group>"; };
		189D0F41288B8D3B00132858 /* SettingTableViewController.swift */ = {isa = PBXFileReference; lastKnownFileType = sourcecode.swift; path = SettingTableViewController.swift; sourceTree = "<group>"; };
		189D0F47288BD73000132858 /* UIViewController + Extension.swift */ = {isa = PBXFileReference; lastKnownFileType = sourcecode.swift; path = "UIViewController + Extension.swift"; sourceTree = "<group>"; };
/* End PBXFileReference section */

/* Begin PBXFrameworksBuildPhase section */
		1879EB87288A7ACC009B0603 /* Frameworks */ = {
			isa = PBXFrameworksBuildPhase;
			buildActionMask = 2147483647;
			files = (
				1879EBB2288AA37C009B0603 /* Toast in Frameworks */,
			);
			runOnlyForDeploymentPostprocessing = 0;
		};
/* End PBXFrameworksBuildPhase section */

/* Begin PBXGroup section */
		1879EB81288A7ACC009B0603 = {
			isa = PBXGroup;
			children = (
				1879EB8C288A7ACC009B0603 /* Tamagotchi */,
				1879EB8B288A7ACC009B0603 /* Products */,
			);
			sourceTree = "<group>";
		};
		1879EB8B288A7ACC009B0603 /* Products */ = {
			isa = PBXGroup;
			children = (
				1879EB8A288A7ACC009B0603 /* Tamagotchi.app */,
			);
			name = Products;
			sourceTree = "<group>";
		};
		1879EB8C288A7ACC009B0603 /* Tamagotchi */ = {
			isa = PBXGroup;
			children = (
				1879EB8D288A7ACC009B0603 /* AppDelegate.swift */,
				1879EB8F288A7ACC009B0603 /* SceneDelegate.swift */,
				1879EB93288A7ACC009B0603 /* Main.storyboard */,
				1879EB91288A7ACC009B0603 /* NicknameViewController.swift */,
				1879EBA3288A94C6009B0603 /* Choice.storyboard */,
				1879EBA5288A950F009B0603 /* ChoiceCollectionViewController.swift */,
				1879EBA7288A951F009B0603 /* ChoiceCollectionViewCell.swift */,
				189D0F37288AB8FA00132858 /* TamagotchiDetailViewController.swift */,
				1879EBA9288AA31E009B0603 /* Tamagotchis.swift */,
				1879EBAB288AA328009B0603 /* TamagotchiInfo.swift */,
				1879EBA1288A8BF6009B0603 /* Tamagotchi.storyboard */,
				189D0F31288AB6CB00132858 /* TamagotchiViewController.swift */,
				189D0F3F288B8C6000132858 /* Setting.storyboard */,
				189D0F41288B8D3B00132858 /* SettingTableViewController.swift */,
				188495CF288BE996001901B4 /* SettingTableViewCell.swift */,
				188495D3288CBFE1001901B4 /* NicknameSettingViewController.swift */,
				1879EBB3288AA4AA009B0603 /* Script.swift */,
				189D0F47288BD73000132858 /* UIViewController + Extension.swift */,
				1879EB96288A7ACF009B0603 /* Assets.xcassets */,
				1879EB98288A7ACF009B0603 /* LaunchScreen.storyboard */,
				1879EB9B288A7ACF009B0603 /* Info.plist */,
			);
			path = Tamagotchi;
			sourceTree = "<group>";
		};
/* End PBXGroup section */

/* Begin PBXNativeTarget section */
		1879EB89288A7ACC009B0603 /* Tamagotchi */ = {
			isa = PBXNativeTarget;
			buildConfigurationList = 1879EB9E288A7ACF009B0603 /* Build configuration list for PBXNativeTarget "Tamagotchi" */;
			buildPhases = (
				1879EB86288A7ACC009B0603 /* Sources */,
				1879EB87288A7ACC009B0603 /* Frameworks */,
				1879EB88288A7ACC009B0603 /* Resources */,
			);
			buildRules = (
			);
			dependencies = (
			);
			name = Tamagotchi;
			packageProductDependencies = (
				1879EBB1288AA37C009B0603 /* Toast */,
			);
			productName = Tamagotchi;
			productReference = 1879EB8A288A7ACC009B0603 /* Tamagotchi.app */;
			productType = "com.apple.product-type.application";
		};
/* End PBXNativeTarget section */

/* Begin PBXProject section */
		1879EB82288A7ACC009B0603 /* Project object */ = {
			isa = PBXProject;
			attributes = {
				BuildIndependentTargetsInParallel = 1;
				LastSwiftUpdateCheck = 1340;
				LastUpgradeCheck = 1340;
				TargetAttributes = {
					1879EB89288A7ACC009B0603 = {
						CreatedOnToolsVersion = 13.4.1;
					};
				};
			};
			buildConfigurationList = 1879EB85288A7ACC009B0603 /* Build configuration list for PBXProject "Tamagotchi" */;
			compatibilityVersion = "Xcode 13.0";
			developmentRegion = en;
			hasScannedForEncodings = 0;
			knownRegions = (
				en,
				Base,
			);
			mainGroup = 1879EB81288A7ACC009B0603;
			packageReferences = (
				1879EBB0288AA37C009B0603 /* XCRemoteSwiftPackageReference "Toast-Swift" */,
			);
			productRefGroup = 1879EB8B288A7ACC009B0603 /* Products */;
			projectDirPath = "";
			projectRoot = "";
			targets = (
				1879EB89288A7ACC009B0603 /* Tamagotchi */,
			);
		};
/* End PBXProject section */

/* Begin PBXResourcesBuildPhase section */
		1879EB88288A7ACC009B0603 /* Resources */ = {
			isa = PBXResourcesBuildPhase;
			buildActionMask = 2147483647;
			files = (
				1879EB9A288A7ACF009B0603 /* LaunchScreen.storyboard in Resources */,
				1879EBA4288A94C6009B0603 /* Choice.storyboard in Resources */,
				1879EBA2288A8BF6009B0603 /* Tamagotchi.storyboard in Resources */,
				1879EB97288A7ACF009B0603 /* Assets.xcassets in Resources */,
				1879EB95288A7ACC009B0603 /* Main.storyboard in Resources */,
				189D0F40288B8C6000132858 /* Setting.storyboard in Resources */,
			);
			runOnlyForDeploymentPostprocessing = 0;
		};
/* End PBXResourcesBuildPhase section */

/* Begin PBXSourcesBuildPhase section */
		1879EB86288A7ACC009B0603 /* Sources */ = {
			isa = PBXSourcesBuildPhase;
			buildActionMask = 2147483647;
			files = (
				1879EB92288A7ACC009B0603 /* NicknameViewController.swift in Sources */,
				188495D4288CBFE1001901B4 /* NicknameSettingViewController.swift in Sources */,
				1879EBA6288A950F009B0603 /* ChoiceCollectionViewController.swift in Sources */,
				1879EB8E288A7ACC009B0603 /* AppDelegate.swift in Sources */,
				1879EBAC288AA328009B0603 /* TamagotchiInfo.swift in Sources */,
				189D0F38288AB8FA00132858 /* TamagotchiDetailViewController.swift in Sources */,
				1879EBB4288AA4AA009B0603 /* Script.swift in Sources */,
				189D0F32288AB6CB00132858 /* TamagotchiViewController.swift in Sources */,
				189D0F42288B8D3B00132858 /* SettingTableViewController.swift in Sources */,
				188495D0288BE996001901B4 /* SettingTableViewCell.swift in Sources */,
				1879EBA8288A951F009B0603 /* ChoiceCollectionViewCell.swift in Sources */,
				1879EBAA288AA31E009B0603 /* Tamagotchis.swift in Sources */,
				189D0F48288BD73000132858 /* UIViewController + Extension.swift in Sources */,
				1879EB90288A7ACC009B0603 /* SceneDelegate.swift in Sources */,
			);
			runOnlyForDeploymentPostprocessing = 0;
		};
/* End PBXSourcesBuildPhase section */

/* Begin PBXVariantGroup section */
		1879EB93288A7ACC009B0603 /* Main.storyboard */ = {
			isa = PBXVariantGroup;
			children = (
				1879EB94288A7ACC009B0603 /* Base */,
			);
			name = Main.storyboard;
			sourceTree = "<group>";
		};
		1879EB98288A7ACF009B0603 /* LaunchScreen.storyboard */ = {
			isa = PBXVariantGroup;
			children = (
				1879EB99288A7ACF009B0603 /* Base */,
			);
			name = LaunchScreen.storyboard;
			sourceTree = "<group>";
		};
/* End PBXVariantGroup section */

/* Begin XCBuildConfiguration section */
		1879EB9C288A7ACF009B0603 /* Debug */ = {
			isa = XCBuildConfiguration;
			buildSettings = {
				ALWAYS_SEARCH_USER_PATHS = NO;
				CLANG_ANALYZER_NONNULL = YES;
				CLANG_ANALYZER_NUMBER_OBJECT_CONVERSION = YES_AGGRESSIVE;
				CLANG_CXX_LANGUAGE_STANDARD = "gnu++17";
				CLANG_ENABLE_MODULES = YES;
				CLANG_ENABLE_OBJC_ARC = YES;
				CLANG_ENABLE_OBJC_WEAK = YES;
				CLANG_WARN_BLOCK_CAPTURE_AUTORELEASING = YES;
				CLANG_WARN_BOOL_CONVERSION = YES;
				CLANG_WARN_COMMA = YES;
				CLANG_WARN_CONSTANT_CONVERSION = YES;
				CLANG_WARN_DEPRECATED_OBJC_IMPLEMENTATIONS = YES;
				CLANG_WARN_DIRECT_OBJC_ISA_USAGE = YES_ERROR;
				CLANG_WARN_DOCUMENTATION_COMMENTS = YES;
				CLANG_WARN_EMPTY_BODY = YES;
				CLANG_WARN_ENUM_CONVERSION = YES;
				CLANG_WARN_INFINITE_RECURSION = YES;
				CLANG_WARN_INT_CONVERSION = YES;
				CLANG_WARN_NON_LITERAL_NULL_CONVERSION = YES;
				CLANG_WARN_OBJC_IMPLICIT_RETAIN_SELF = YES;
				CLANG_WARN_OBJC_LITERAL_CONVERSION = YES;
				CLANG_WARN_OBJC_ROOT_CLASS = YES_ERROR;
				CLANG_WARN_QUOTED_INCLUDE_IN_FRAMEWORK_HEADER = YES;
				CLANG_WARN_RANGE_LOOP_ANALYSIS = YES;
				CLANG_WARN_STRICT_PROTOTYPES = YES;
				CLANG_WARN_SUSPICIOUS_MOVE = YES;
				CLANG_WARN_UNGUARDED_AVAILABILITY = YES_AGGRESSIVE;
				CLANG_WARN_UNREACHABLE_CODE = YES;
				CLANG_WARN__DUPLICATE_METHOD_MATCH = YES;
				COPY_PHASE_STRIP = NO;
				DEBUG_INFORMATION_FORMAT = dwarf;
				ENABLE_STRICT_OBJC_MSGSEND = YES;
				ENABLE_TESTABILITY = YES;
				GCC_C_LANGUAGE_STANDARD = gnu11;
				GCC_DYNAMIC_NO_PIC = NO;
				GCC_NO_COMMON_BLOCKS = YES;
				GCC_OPTIMIZATION_LEVEL = 0;
				GCC_PREPROCESSOR_DEFINITIONS = (
					"DEBUG=1",
					"$(inherited)",
				);
				GCC_WARN_64_TO_32_BIT_CONVERSION = YES;
				GCC_WARN_ABOUT_RETURN_TYPE = YES_ERROR;
				GCC_WARN_UNDECLARED_SELECTOR = YES;
				GCC_WARN_UNINITIALIZED_AUTOS = YES_AGGRESSIVE;
				GCC_WARN_UNUSED_FUNCTION = YES;
				GCC_WARN_UNUSED_VARIABLE = YES;
				IPHONEOS_DEPLOYMENT_TARGET = 15.0;
				MTL_ENABLE_DEBUG_INFO = INCLUDE_SOURCE;
				MTL_FAST_MATH = YES;
				ONLY_ACTIVE_ARCH = YES;
				SDKROOT = iphoneos;
				SWIFT_ACTIVE_COMPILATION_CONDITIONS = DEBUG;
				SWIFT_OPTIMIZATION_LEVEL = "-Onone";
			};
			name = Debug;
		};
		1879EB9D288A7ACF009B0603 /* Release */ = {
			isa = XCBuildConfiguration;
			buildSettings = {
				ALWAYS_SEARCH_USER_PATHS = NO;
				CLANG_ANALYZER_NONNULL = YES;
				CLANG_ANALYZER_NUMBER_OBJECT_CONVERSION = YES_AGGRESSIVE;
				CLANG_CXX_LANGUAGE_STANDARD = "gnu++17";
				CLANG_ENABLE_MODULES = YES;
				CLANG_ENABLE_OBJC_ARC = YES;
				CLANG_ENABLE_OBJC_WEAK = YES;
				CLANG_WARN_BLOCK_CAPTURE_AUTORELEASING = YES;
				CLANG_WARN_BOOL_CONVERSION = YES;
				CLANG_WARN_COMMA = YES;
				CLANG_WARN_CONSTANT_CONVERSION = YES;
				CLANG_WARN_DEPRECATED_OBJC_IMPLEMENTATIONS = YES;
				CLANG_WARN_DIRECT_OBJC_ISA_USAGE = YES_ERROR;
				CLANG_WARN_DOCUMENTATION_COMMENTS = YES;
				CLANG_WARN_EMPTY_BODY = YES;
				CLANG_WARN_ENUM_CONVERSION = YES;
				CLANG_WARN_INFINITE_RECURSION = YES;
				CLANG_WARN_INT_CONVERSION = YES;
				CLANG_WARN_NON_LITERAL_NULL_CONVERSION = YES;
				CLANG_WARN_OBJC_IMPLICIT_RETAIN_SELF = YES;
				CLANG_WARN_OBJC_LITERAL_CONVERSION = YES;
				CLANG_WARN_OBJC_ROOT_CLASS = YES_ERROR;
				CLANG_WARN_QUOTED_INCLUDE_IN_FRAMEWORK_HEADER = YES;
				CLANG_WARN_RANGE_LOOP_ANALYSIS = YES;
				CLANG_WARN_STRICT_PROTOTYPES = YES;
				CLANG_WARN_SUSPICIOUS_MOVE = YES;
				CLANG_WARN_UNGUARDED_AVAILABILITY = YES_AGGRESSIVE;
				CLANG_WARN_UNREACHABLE_CODE = YES;
				CLANG_WARN__DUPLICATE_METHOD_MATCH = YES;
				COPY_PHASE_STRIP = NO;
				DEBUG_INFORMATION_FORMAT = "dwarf-with-dsym";
				ENABLE_NS_ASSERTIONS = NO;
				ENABLE_STRICT_OBJC_MSGSEND = YES;
				GCC_C_LANGUAGE_STANDARD = gnu11;
				GCC_NO_COMMON_BLOCKS = YES;
				GCC_WARN_64_TO_32_BIT_CONVERSION = YES;
				GCC_WARN_ABOUT_RETURN_TYPE = YES_ERROR;
				GCC_WARN_UNDECLARED_SELECTOR = YES;
				GCC_WARN_UNINITIALIZED_AUTOS = YES_AGGRESSIVE;
				GCC_WARN_UNUSED_FUNCTION = YES;
				GCC_WARN_UNUSED_VARIABLE = YES;
				IPHONEOS_DEPLOYMENT_TARGET = 15.0;
				MTL_ENABLE_DEBUG_INFO = NO;
				MTL_FAST_MATH = YES;
				SDKROOT = iphoneos;
				SWIFT_COMPILATION_MODE = wholemodule;
				SWIFT_OPTIMIZATION_LEVEL = "-O";
				VALIDATE_PRODUCT = YES;
			};
			name = Release;
		};
		1879EB9F288A7ACF009B0603 /* Debug */ = {
			isa = XCBuildConfiguration;
			buildSettings = {
				ASSETCATALOG_COMPILER_APPICON_NAME = AppIcon;
				ASSETCATALOG_COMPILER_GLOBAL_ACCENT_COLOR_NAME = AccentColor;
				CODE_SIGN_STYLE = Automatic;
				CURRENT_PROJECT_VERSION = 1;
				DEVELOPMENT_TEAM = UT362X937Q;
				GENERATE_INFOPLIST_FILE = YES;
				INFOPLIST_FILE = Tamagotchi/Info.plist;
				INFOPLIST_KEY_UIApplicationSupportsIndirectInputEvents = YES;
				INFOPLIST_KEY_UILaunchStoryboardName = LaunchScreen;
				INFOPLIST_KEY_UIMainStoryboardFile = Main;
				INFOPLIST_KEY_UISupportedInterfaceOrientations = UIInterfaceOrientationPortrait;
				INFOPLIST_KEY_UISupportedInterfaceOrientations_iPad = "UIInterfaceOrientationPortrait UIInterfaceOrientationPortraitUpsideDown UIInterfaceOrientationLandscapeLeft UIInterfaceOrientationLandscapeRight";
				INFOPLIST_KEY_UISupportedInterfaceOrientations_iPhone = "UIInterfaceOrientationPortrait UIInterfaceOrientationLandscapeLeft UIInterfaceOrientationLandscapeRight";
				LD_RUNPATH_SEARCH_PATHS = (
					"$(inherited)",
					"@executable_path/Frameworks",
				);
				MARKETING_VERSION = 1.0;
				PRODUCT_BUNDLE_IDENTIFIER = io.github.yyyng2.Tamagotchi;
				PRODUCT_NAME = "$(TARGET_NAME)";
				SWIFT_EMIT_LOC_STRINGS = YES;
				SWIFT_VERSION = 5.0;
				TARGETED_DEVICE_FAMILY = 1;
			};
			name = Debug;
		};
		1879EBA0288A7ACF009B0603 /* Release */ = {
			isa = XCBuildConfiguration;
			buildSettings = {
				ASSETCATALOG_COMPILER_APPICON_NAME = AppIcon;
				ASSETCATALOG_COMPILER_GLOBAL_ACCENT_COLOR_NAME = AccentColor;
				CODE_SIGN_STYLE = Automatic;
				CURRENT_PROJECT_VERSION = 1;
				DEVELOPMENT_TEAM = UT362X937Q;
				GENERATE_INFOPLIST_FILE = YES;
				INFOPLIST_FILE = Tamagotchi/Info.plist;
				INFOPLIST_KEY_UIApplicationSupportsIndirectInputEvents = YES;
				INFOPLIST_KEY_UILaunchStoryboardName = LaunchScreen;
				INFOPLIST_KEY_UIMainStoryboardFile = Main;
				INFOPLIST_KEY_UISupportedInterfaceOrientations = UIInterfaceOrientationPortrait;
				INFOPLIST_KEY_UISupportedInterfaceOrientations_iPad = "UIInterfaceOrientationPortrait UIInterfaceOrientationPortraitUpsideDown UIInterfaceOrientationLandscapeLeft UIInterfaceOrientationLandscapeRight";
				INFOPLIST_KEY_UISupportedInterfaceOrientations_iPhone = "UIInterfaceOrientationPortrait UIInterfaceOrientationLandscapeLeft UIInterfaceOrientationLandscapeRight";
				LD_RUNPATH_SEARCH_PATHS = (
					"$(inherited)",
					"@executable_path/Frameworks",
				);
				MARKETING_VERSION = 1.0;
				PRODUCT_BUNDLE_IDENTIFIER = io.github.yyyng2.Tamagotchi;
				PRODUCT_NAME = "$(TARGET_NAME)";
				SWIFT_EMIT_LOC_STRINGS = YES;
				SWIFT_VERSION = 5.0;
				TARGETED_DEVICE_FAMILY = 1;
			};
			name = Release;
		};
/* End XCBuildConfiguration section */

/* Begin XCConfigurationList section */
		1879EB85288A7ACC009B0603 /* Build configuration list for PBXProject "Tamagotchi" */ = {
			isa = XCConfigurationList;
			buildConfigurations = (
				1879EB9C288A7ACF009B0603 /* Debug */,
				1879EB9D288A7ACF009B0603 /* Release */,
			);
			defaultConfigurationIsVisible = 0;
			defaultConfigurationName = Release;
		};
		1879EB9E288A7ACF009B0603 /* Build configuration list for PBXNativeTarget "Tamagotchi" */ = {
			isa = XCConfigurationList;
			buildConfigurations = (
				1879EB9F288A7ACF009B0603 /* Debug */,
				1879EBA0288A7ACF009B0603 /* Release */,
			);
			defaultConfigurationIsVisible = 0;
			defaultConfigurationName = Release;
		};
/* End XCConfigurationList section */

/* Begin XCRemoteSwiftPackageReference section */
		1879EBB0288AA37C009B0603 /* XCRemoteSwiftPackageReference "Toast-Swift" */ = {
			isa = XCRemoteSwiftPackageReference;
			repositoryURL = "https://github.com/scalessec/Toast-Swift.git";
			requirement = {
				kind = upToNextMajorVersion;
				minimumVersion = 5.0.0;
			};
		};
/* End XCRemoteSwiftPackageReference section */

/* Begin XCSwiftPackageProductDependency section */
		1879EBB1288AA37C009B0603 /* Toast */ = {
			isa = XCSwiftPackageProductDependency;
			package = 1879EBB0288AA37C009B0603 /* XCRemoteSwiftPackageReference "Toast-Swift" */;
			productName = Toast;
		};
/* End XCSwiftPackageProductDependency section */
	};
	rootObject = 1879EB82288A7ACC009B0603 /* Project object */;
}
